
Microsoft Visual Studio Solution File, Format Version 12.00
# Visual Studio Version 17
VisualStudioVersion = 17.9.34616.47
MinimumVisualStudioVersion = 10.0.40219.1
Project("{FAE04EC0-301F-11D3-BF4B-00C04F79EFBC}") = "FisicaApp2.0 - Simples", "FisicaApp2.0 - Simples\FisicaApp2.0 - Simples.csproj", "{5C0BC712-F89C-4A7E-B5AD-895360BF8EA7}"
EndProject
Global
	GlobalSection(SolutionConfigurationPlatforms) = preSolution
		Debug|Any CPU = Debug|Any CPU
		Release|Any CPU = Release|Any CPU
	EndGlobalSection
	GlobalSection(ProjectConfigurationPlatforms) = postSolution
		{5C0BC712-F89C-4A7E-B5AD-895360BF8EA7}.Debug|Any CPU.ActiveCfg = Debug|Any CPU
		{5C0BC712-F89C-4A7E-B5AD-895360BF8EA7}.Debug|Any CPU.Build.0 = Debug|Any CPU
		{5C0BC712-F89C-4A7E-B5AD-895360BF8EA7}.Release|Any CPU.ActiveCfg = Release|Any CPU
		{5C0BC712-F89C-4A7E-B5AD-895360BF8EA7}.Release|Any CPU.Build.0 = Release|Any CPU
	EndGlobalSection
	GlobalSection(SolutionProperties) = preSolution
		HideSolutionNode = FALSE
	EndGlobalSection
	GlobalSection(ExtensibilityGlobals) = postSolution
		SolutionGuid = {B844F3C0-0B21-4F7E-9810-241AE83DD3FB}
	EndGlobalSection
EndGlobal
